{
  "originHash" : "5f0e858b1b4c883472c8b4bb999e054c31465ddb291ef9fba32d63d42d7a1926",
  "pins" : [
    {
      "identity" : "swift-argument-parser",
      "kind" : "remoteSourceControl",
      "location" : "https://github.com/apple/swift-argument-parser.git",
      "state" : {
        "revision" : "6a52f3251125d74daf04fcbd5e6f08a75d074382",
        "version" : "1.8.2"
      }
    }
  ],
  "version" : 3
}
